
Microsoft Visual Studio Solution File, Format Version 12.00
# Visual Studio Version 17
VisualStudioVersion = 17.7.34302.85
MinimumVisualStudioVersion = 10.0.40219.1
Project("{FAE04EC0-301F-11D3-BF4B-00C04F79EFBC}") = "CloudinaryImageUpload", "CloudinaryImageUpload\CloudinaryImageUpload.csproj", "{3AFC8E8C-8308-41E8-B1C4-58BCADEA43EA}"
EndProject
Global
	GlobalSection(SolutionConfigurationPlatforms) = preSolution
		Debug|Any CPU = Debug|Any CPU
		Release|Any CPU = Release|Any CPU
	EndGlobalSection
	GlobalSection(ProjectConfigurationPlatforms) = postSolution
		{3AFC8E8C-8308-41E8-B1C4-58BCADEA43EA}.Debug|Any CPU.ActiveCfg = Debug|Any CPU
		{3AFC8E8C-8308-41E8-B1C4-58BCADEA43EA}.Debug|Any CPU.Build.0 = Debug|Any CPU
		{3AFC8E8C-8308-41E8-B1C4-58BCADEA43EA}.Release|Any CPU.ActiveCfg = Release|Any CPU
		{3AFC8E8C-8308-41E8-B1C4-58BCADEA43EA}.Release|Any CPU.Build.0 = Release|Any CPU
	EndGlobalSection
	GlobalSection(SolutionProperties) = preSolution
		HideSolutionNode = FALSE
	EndGlobalSection
	GlobalSection(ExtensibilityGlobals) = postSolution
		SolutionGuid = {1AC225FC-85FC-4B97-9B7F-8098DFD402DE}
	EndGlobalSection
EndGlobal
